
Microsoft Visual Studio Solution File, Format Version 12.00
# Visual Studio Version 17
VisualStudioVersion = 17.3.32804.467
MinimumVisualStudioVersion = 10.0.40219.1
Project("{9A19103F-16F7-4668-BE54-9A1E7A4F7556}") = "BlazingApple.Roslyn.Generators", "BlazingApple.Roslyn.Generators\BlazingApple.Roslyn.Generators.csproj", "{02620CB8-2A64-4F9C-B0E6-B10B7CBA7AF4}"
EndProject
Project("{9A19103F-16F7-4668-BE54-9A1E7A4F7556}") = "BlazingApple.Tests.Roslyn.Analyzers", "BlazingApple.Tests.Roslyn.Analyzers\BlazingApple.Tests.Roslyn.Analyzers.csproj", "{B36BE347-0725-46F3-84B6-C127D034D7D2}"
EndProject
Project("{2150E333-8FDC-42A3-9474-1A3956D46DE8}") = "Solution Items", "Solution Items", "{02085566-5859-479A-8A11-A8169E558D84}"
	ProjectSection(SolutionItems) = preProject
		.editorconfig = .editorconfig
	EndProjectSection
EndProject
Project("{9A19103F-16F7-4668-BE54-9A1E7A4F7556}") = "BlazingApple.Roslyn.Analyzers", "BlazingApple.Roslyn.Analyzers\BlazingApple.Roslyn.Analyzers.csproj", "{D7DE7E60-22C9-407B-9D40-0380E32A58B7}"
EndProject
Global
	GlobalSection(SolutionConfigurationPlatforms) = preSolution
		Debug|Any CPU = Debug|Any CPU
		Release|Any CPU = Release|Any CPU
	EndGlobalSection
	GlobalSection(ProjectConfigurationPlatforms) = postSolution
		{02620CB8-2A64-4F9C-B0E6-B10B7CBA7AF4}.Debug|Any CPU.ActiveCfg = Debug|Any CPU
		{02620CB8-2A64-4F9C-B0E6-B10B7CBA7AF4}.Debug|Any CPU.Build.0 = Debug|Any CPU
		{02620CB8-2A64-4F9C-B0E6-B10B7CBA7AF4}.Release|Any CPU.ActiveCfg = Release|Any CPU
		{02620CB8-2A64-4F9C-B0E6-B10B7CBA7AF4}.Release|Any CPU.Build.0 = Release|Any CPU
		{B36BE347-0725-46F3-84B6-C127D034D7D2}.Debug|Any CPU.ActiveCfg = Debug|Any CPU
		{B36BE347-0725-46F3-84B6-C127D034D7D2}.Debug|Any CPU.Build.0 = Debug|Any CPU
		{B36BE347-0725-46F3-84B6-C127D034D7D2}.Release|Any CPU.ActiveCfg = Release|Any CPU
		{B36BE347-0725-46F3-84B6-C127D034D7D2}.Release|Any CPU.Build.0 = Release|Any CPU
		{D7DE7E60-22C9-407B-9D40-0380E32A58B7}.Debug|Any CPU.ActiveCfg = Debug|Any CPU
		{D7DE7E60-22C9-407B-9D40-0380E32A58B7}.Debug|Any CPU.Build.0 = Debug|Any CPU
		{D7DE7E60-22C9-407B-9D40-0380E32A58B7}.Release|Any CPU.ActiveCfg = Release|Any CPU
		{D7DE7E60-22C9-407B-9D40-0380E32A58B7}.Release|Any CPU.Build.0 = Release|Any CPU
	EndGlobalSection
	GlobalSection(SolutionProperties) = preSolution
		HideSolutionNode = FALSE
	EndGlobalSection
	GlobalSection(ExtensibilityGlobals) = postSolution
		SolutionGuid = {AC7083B6-818A-4834-82AA-4C26021AB8B9}
	EndGlobalSection
EndGlobal
